{
  "background-color-rgba": "a1493935e50d6bb8d815a8da2b585a0ab65ab7c9a9953a0457c5f72babd9d5a3",
  "background-color-solid": "32d8a041bfb4265ba2723fb4859b1d4270b98c03df371a479662ea765ad1952c",
  "block-border-width-thick": "a2d0aaa4fdfbb15f2476e8ab9ea7f87692fa98a84a52446f23b7768c2b2e2b31",
  "block-box-sizing-border-box": "8626a8522ab1578a3960626cfa9d3fd9ffc21c8705948dae3c1a4f4c7f67d99c",
  "block-box-sizing-content-box": "18b7a49090b102da2c2a8c3f3e17c4b450285b72162f4fa62efe5ae2352afcc6",
  "block-display-block-stacking": "6e550ca8c39fc43ac8bb099d906a144fec4494dcf9008c519837fe44f2626263",
  "block-display-inline-block-row": "e104203063bab671f268c818a94fbc8e54aaf5190d8b0b3dc0496f80070c832a",
  "block-margin-auto-centering": "e2e9ab67273726d3395cc6923f2c298546e5d0edeb6603bb3bdf3f0238461aa6",
  "block-margin-collapse-adjacent": "07efd05f7401939143447d4575a74e75b786b1a0241e966a8ebfb4194f4a4bf0",
  "block-margin-offsets": "dc7c6f563696348b480245dfd86541aa88547f08d0084ed2c244560718651dbc",
  "block-max-width-clamp": "1be847b842c07e7c0de5045f3565b7ee4c80043611e314d6e926b52ee6ffc1c5",
  "block-min-width-floor": "9bd921bfdf309c20e26e8f1a13b2321875bdf0a6529205c5beaac8855e6489c2",
  "block-nested-containment": "e7c251b1d3bd7eacd5f49842e5cbc6d2dfd1b6e46a77513205946aea98007753",
  "block-padding-all-sides": "e97f800f1ecf9e39a733d26b2d2a2d422375f7f679c7ad6f6a6661ef9a61d2e8",
  "block-percentage-height-x-nested-containers": "1b16f488fce04e09f9834af8cdd81bf27498ad80e4c21e029a40d2e85db5d7ae",
  "block-width-auto-fills-parent": "4ef2506547cec5178926e95634856b15ed1c5d56794e0d08962563cd3f714f16",
  "block-width-height-explicit": "034c7f8eec9233a134a25ba71c198d95b8699b1905e6f92d15b6e12dded9e6ee",
  "border-color-currentcolor": "7f0f9c8d39d799dc5842b89572ac144d493a7a7eaad52feaf5fbaa0e34f3430e",
  "border-per-side-colors": "76cb8ab3fd4850febaf1149f0b508708d7a3953e99c6898bb009b0952187f5f8",
  "border-solid-width": "621254c311fd940c5a70f6e4cf89298a5676321a125b8e60d119286f519fe7e5",
  "border-style-none": "b45be5abe8e227836c6c90564330ae49407d70b1d54d3a0652f64bd17050a0c5",
  "border-x-box-shadow": "226c8e22cb7089ad98ce0494ee3375b574077ff6bbea258afb9dc4d661640b07",
  "box-model-overflow-hidden-x-border-radius": "0ec48a5c165dec9bf086f0bd138befa3dab298fabeb8dd39fa6b5644f3d77b28",
  "box-shadow-color": "1c6fa7b417eddb3ed534cde7df67c4bed821cff2fa1644ffdf032afb84d232bd",
  "box-shadow-currentcolor": "237257083d45815bef3868edc61937d758c994766afdf8a9e5d7c8804b6f4924",
  "box-shadow-inset": "9c8a5a590ab95c2128d786d8240dc600aa2f2e92c80e69ec01b5c395945528c6",
  "box-shadow-inset-spread": "ff193ac2c65d5814db519e64a22e9dfd8c28de12e549c6a509c8215959c8c540",
  "box-shadow-multiple": "cfc89b3fa3d0015e64f5559653d433a8402918cbbabb3c351fc618eca250a40a",
  "box-shadow-negative-offset": "e97a8076c531b829f8a88cf788f17c3ed7c2e7c38de60442d101d4d9a61996fc",
  "box-shadow-negative-spread": "12b7f74f86cc23310746f810fa84071d35f6f1d759092f6b9f78fcdf56b1a4d4",
  "box-shadow-offset": "b39f7f062c38388268195b391d7b438dcce66cd9992bac2f5494c8e5eb3052f7",
  "box-shadow-spread": "56e5532e0dd0859c092faba487bc2d069f798a6e1bd8f859ca002b8e34aced40",
  "box-shadow-spread-outline": "188660bf2bcf345ceb5a0f3de3cbed069e5f374e21f92bee213708191329adb1",
  "clip-path-circle": "7d29ed5a6798de7239abce0c13052d76276aaf56f72efa127064ecb52cccdb43",
  "clip-path-ellipse": "3bf7bc5a101809e59c0a3da40d9d86d3bfbd5913f0c9dc7a89aca383c1f25443",
  "clip-path-inset": "4b3a7d207662fa01cb6ed0f36fe6b77582404cfcced94a00c0d4689f246f6e43",
  "clip-path-inset-round": "e330f72457d72c4f500a1006bf24b2ed4797a9eb863a8608ac0ff586551e6ef3",
  "clip-path-polygon": "6ea6656b99ade11b44e8c92723707c7befcaf41b52b909f30b122eb00d891331",
  "color-currentcolor": "19d143fe45308123c5b4c204622a866197c7e9a9e6d4e22b17d601607bece2ba",
  "color-hex-rgb": "cf6b0687f37c2eed5010dfac458f3b75ef211f289478ad912d89f5bf1bb8b276",
  "color-hex-rrggbb": "821886f64e80056671fbf47fcabf240c0d889ba569dede06f17044bd1ceef2e1",
  "color-hsl": "eac6fdc5d92f1dc752612b4fea34ef876d6862f01984a433b0aa370769791abd",
  "color-hsla-alpha": "40e3a31de71bc7065fc0d4c250bdc0037f9c29f450de89b23f8d9afaf80c21e1",
  "color-named": "51b600a18029b4c5a67d6df18285cd31b8205a8cf990e949281a5c5bf7cfdc32",
  "color-rgb-function": "8282f843b0125fa1794a32aaf7680759bb40cd7f63a3cfdc6c3d49cf29ecd73c",
  "color-rgba-alpha": "8ff994ab74867f6b97b7691c8c7ee49b309c0f92bb6c33f1fd27aaf7a5a614e4",
  "color-transparent-keyword": "35165b33f2f8cb20db6c2fda322a2e9caf7b6f5cced07d250840e09c51707578",
  "counter-content-roman": "0059d4ae1dc43db14e704699b4f0767487d1e8ed65053c0168bf78784561565d",
  "counter-reset-increment": "fc14514580b9ef938a8c2f8af85a036100e383efd027f4528e2e87da9543bbea",
  "counters-nested": "a1154e81cdb31c766101a39919c40879c54bce12907f79d489bae971e248bcfd",
  "display-none-removal": "81325314662e19e9afb96987f828cddb525a859630c421598eb23b30da47d6e5",
  "flexbox-align-items-center": "2458b9461d81093db3010823a3b58acfca3c78219b08fc35a455b336ae204571",
  "flexbox-align-items-stretch": "36e358d855c04b3f91b0c08ef70907eeff891278aac7ce6701ad753a713a6e94",
  "flexbox-align-self-flex-end": "5d3f993564a7981a6454b9cbc217dabedc00b36377b22c5978703e4193a711c7",
  "flexbox-display-flex": "71bbf277d488e15d35ac8ace8b44ffc74326919fa68c68261b2deb551896632c",
  "flexbox-flex-basis": "3836ebf16d31428e691cdc953a023d2690a6ab5dbaedf39ceea7dc9f434ec757",
  "flexbox-flex-grow": "ae02897bb4c243b457e320f9a4ad06e6107c2836a0f5fa3c7c12942f3a64b410",
  "flexbox-flex-shrink": "684255d04de74f9e2a286211defe3b704d943e49001c8f496671845bd1e068db",
  "flexbox-flex-wrap": "2871fca4c9c2c1273001ecdd47c2320e067b4a1f121cda6c73e151284f4a4d18",
  "flexbox-gap": "0210372c968e7c88e9a036494e6b24c4168012be9b4cc9911a69653f559b8f40",
  "flexbox-justify-content-center": "82db37711f13a6ad5348f74236d578450c86e999ea3deb9cc7b2880069697511",
  "flexbox-justify-content-space-around": "3c7a3963b746e439d9f528237777d0153d1487ce743a53596175886285620c17",
  "flexbox-justify-content-space-between": "d5fb72f21364be9d7cae1936dd342b6a2a5bc73ec6390a538fbba34ef22ee872",
  "flexbox-min-width-constraint": "78634d308ba59a358c12bc913ac385ef740f41e3ef179adbc96646a70efdac3b",
  "flexbox-nested-flex": "aad187ebaf59a7846ea32daf319757a42116af5a8096f3749b6ea0630a120311",
  "flexbox-order": "c02f71c124084e83414f1c1ede43b07de6bfd169decd12833d342a1e871b3c84",
  "flexbox-wrap-x-gap": "bbf0e8834e1d745688ebe20e11e4ffbef6ab4b175e8736a3ba09bd2790708261",
  "flexbox-x-grid-nested": "2269308e2d210ca8b5d0b58358becbce4146e117981ebed0aaa32ee71543775c",
  "generated-content-after-string": "88aaf3c8dc0d1c49bb2ae8aa8cb5be378e6e0a774c825efb938b899135d32547",
  "generated-content-attr": "db83dad6cb2921e82acdf6c5796336f77d941c598c31c41ac19dfc90c79457d3",
  "generated-content-before-decorative-box": "19e243ecfe4974eadd61c071504a7ad968c41edb9d604cd2dfa994756745024a",
  "generated-content-before-string": "83ef463f21efc11fceb093c4168f7a5f22a4ca76eeae8ba313356e2c4ce7773f",
  "generated-content-content-none": "8485476dcd979fcc605e2bd9f998ed4dd6efc87ba21c1ec854849331c34b5b4f",
  "generated-content-content-url-image": "a4c0f8dd661e83ce4e10f1e45b1c26627e01e2bdb4d4a518fb6c72cb26b9e718",
  "generated-content-counter": "bdbe41ad5993455ea30ee496dd04f633dcc1adb14242892e8a74774d057fccad",
  "generated-content-first-letter-dropcap": "7267e20d52eb43e9511064b7649aaa634eb9d9fbb757fbd60533d5590675de5f",
  "generated-content-first-line": "80b3460599e271df58a24ba45ca62df5e26980f553e726c06d89251990b8fc2a",
  "generated-content-open-close-quote": "a8306c0e131e3e5201d2f888d22a1c6ec555e9e453d4826c912ae92152835749",
  "grid-align-items-start": "79e6419b67d57de9677d865f717ec73b6b7f27e9ca9a3f3550cfc2d7d1a89d20",
  "grid-auto-flow-column": "c8b10d4767aaceb5b5799ce5aab2094d9c6fcf67a7b584b29d928333e4732691",
  "grid-column-span": "46e0e9ecfa39321b13e007415a2311d55b94a74bf0bf0dbc9db5f6982515b2cb",
  "grid-display-grid": "6003d6cb2af4fe00881fc10f01ec6b6e7e39891c9986cb6828e6eba3dc6bf152",
  "grid-gap": "1f7329e299b086a85353195f0090a0df1443f9a3abce472f97b0f1080b61a70e",
  "grid-implicit-tracks": "cade687e291ef0bc5c405dc78036aa4c8ed03ef2301ea55bdd869c53c47e32a6",
  "grid-justify-items-end": "6cd7ee026a208b13765c4728762debf3208147eefaf03dac4d3070a289ae16d3",
  "grid-place-items-center": "850236ac9e0d6eb91c434167f7e1f45086c1c0a6dd0079286ed46606bae799fa",
  "grid-row-span": "a41fdea0b8d4ee2b4bc474d3e35727064a55249df3248622a54769c61d3b8c40",
  "grid-template-columns-auto": "32920d59d545941292e2f4e72989860e160c32955175db6e22b46d190dc0a8ee",
  "grid-template-columns-fr-mix": "136a23c5b077879c9df9cd0678b217454c3b5f97dd392506e0e012dad7f975c2",
  "grid-template-columns-minmax": "10c7f9ec51798afa48572a405bf635830d9c05841fc7a5b59133472fd50c5a20",
  "grid-template-columns-percent": "2548c34eda4fc0075c2dec0453f63f989911be713845c677dcff3d407ace0cff",
  "grid-template-columns-repeat": "e753a57d30a994c65a468cdc4dea2f7629a54bee3055f7c27e0e88aff7bdf0a8",
  "grid-template-rows": "b7a9419f49ce7c1d4c6215e12847113ca29a156cd98c8f05a0f08f517dba4bcb",
  "inline-block-x-vertical-align": "a4f7d1c92d3ae00c6a4fb9bf9efdc16048e0e062fe9aeb0e2029dfccef7a6e5c",
  "interactions-float-x-margin-collapse": "ecf1e29c79f088dc4a227873ced50dd5a9d1f868032f81e3a580b2b34c94f50a",
  "interactions-positioning-absolute-x-box-model-padding": "da0c9bfa5b3b42c03e13884163db27c9b50049da926d8ddfc098254acc374334",
  "interactions-positioning-fixed-x-transforms-translate": "27fa7ea80cb598c31f435c04ba899be1df2ca43bc9d7fc5913b1bb5b8d0d6c9b",
  "interactions-positioning-float-x-margin-collapse": "35260fe0d6b3f2c8fe420fa2e51a4f217a095741034c35680fd0de94094fc4ec",
  "interactions-positioning-overflow-hidden-x-border-radius": "5b258b46ad066f1b2d541b174f195e110f6f19a4e64efe78c42363c7d3fac22d",
  "interactions-positioning-relative-x-inline-block": "d4f1fdd6c5276ee46ade4396915d432dcdc2a268d8f12362911721300261ce19",
  "list-style-image-data-uri": "b99039eed62798882f7531913b9abb0f12c2a748c84cfb3abc411484d51d4b46",
  "list-style-position-inside": "7a49d209fb0bed56e22661f0ffbe5a5f7677a7e4f9e0e53f50d8c5d61caeec2e",
  "list-style-position-outside": "186e5a815fe3360dfc791fac3a5f73b3dabba271afff5a710664a07f3614d00d",
  "list-style-shorthand": "21519110b0191d9d5ae351d95cd6ff6029684fad157be18c9b871e0ce7353113",
  "list-style-type-circle": "c7e5c91d501abd31c693f345ba66f094b270d847fa186813341affaa7afde51c",
  "list-style-type-decimal": "83ac78af2b13fc5664241820cc542d318e4ace92a4a595974ceaad394f46fce3",
  "list-style-type-decimal-leading-zero": "abc603c05ead3e719bd1384247a0ebbd32c6213ff3a9a7ce4817faef488b2973",
  "list-style-type-disc": "54726745fd8c51ad3925285d94d67d5c5269bbdd44fc6b42d05eec7395005054",
  "list-style-type-lower-alpha": "8b2a24f0dca6482ce8b3c6713e515a726db37b2d396ae2a5e066c38f82df598c",
  "list-style-type-lower-roman": "09034d7ea6256a417526226462fb67518b7cac8b740dfbb04c3f42055b8630c3",
  "list-style-type-none": "c60840a05d5bff697997443f25f0ece8ff869f27d3caa25096cd4384a06a2113",
  "list-style-type-upper-alpha": "f5bd4a8050faeeed5ec2e1575bdb69cf31303eed6d72b0214f609abfc5d7f19e",
  "list-style-type-upper-roman": "7e30ff2b3492fe8fc8b5d17736822f25b3a3d4c32c0251bf551c2268af6c4022",
  "marker-pseudo-color": "f9074af58c763bf8fe27e056b7b344dc349ecf6e090f6b41f0d4d525d3f65c5e",
  "multicol-break-inside-avoid": "897d50f8f10c43e620808d536d59f866c2752e2bcf94c5b49468f0409e317d64",
  "multicol-column-count-text": "ea1e806a08e980d6d251cd90abcd86c72d5ad56c0023785eef24b19cec2b468a",
  "multicol-column-count-three": "e21d95d89df2b65a0d778471fb2ad2aa77a21bb9face4ecf55bc4162974cb343",
  "multicol-column-gap": "29496b48b12caa204a9ab7b75cb223e03b5227b46d006adfdab19173774addaf",
  "multicol-column-span-all": "023009ddb06da468ef060698da77aa63a14a5911024613c391b58bcd9c4d937c",
  "multicol-column-width": "c798ffab4c265d4b0ba5b99d68ff4da7d827557460e0147d701acd111338d39e",
  "multicol-columns-shorthand": "b4bf47ad0a03279acba08883389e346f719fea1efd7fd4fb1bc2b5dd2d469b41",
  "ol-start-attribute": "08d7fcb28ade6f3843b63c7d96d6f1a042aa6554e0f6f7a59f612e180fd6ad76",
  "overflow-clip": "7c34bc1aa48e01efe720dd14ab7feb5988e499f203df9fc0144ea05781a483c9",
  "overflow-hidden-border-radius": "a36857f53759b859df07ae97c5d21d7c884b86f3d7d062f273c3fb99bc4b5d30",
  "overflow-hidden-clip": "1bbf350d98229ec2c5a9f0cb79c0d5da683e44ccae0e80d3f44d24285615e104",
  "overflow-hidden-flex-item": "f0b05d1621b14834a384faa64096e633ea042a1e18c74e9886219feb01e365aa",
  "overflow-hidden-grid-item": "74a7f529efab2874db7488403458ce49c9a0469887bbb2c92098ee0d61f8f44b",
  "overflow-hidden-nested": "6d9ff7ed60e45ec0ffdd7f7ad3f181e41917ff1b60b14ab95e0fdfa69e752f29",
  "overflow-hidden-text-clip": "534cb9c193be91ea2aff178c35f0e010a87642131c691c2ad5b15b54de6fa69e",
  "overflow-scroll-print-clip": "e021f9b6e5b3519a6037dec237568587cd5becd8e1ec47b19cb29f431576ccb9",
  "overflow-visible-no-clip": "f1172a8462f4fc07c280780e060bc71ec31388a5f0f421258872757530c4ae0e",
  "overflow-x-y-separate": "1220ffcf0cbbe19ac9e6d08ea9610e195ddc050313fea93a73cd489e04449643",
  "paged-body-margin-box": "3652adc221325eff974681fa2f1a1dcc21609e45cfe42456cae0c36ca87a195f",
  "paged-break-before-page-modern": "222102be2f8ec6dfedb86d7353ceb19d7d779b74b12932bf21d5c475a85ef171",
  "paged-break-inside-avoid": "cd6d01c9ff67c99c958a9ea3a0659f9a4456560cccf36437ff45fdbee3f6d9eb",
  "paged-named-page": "ac3851546dc7096a62c6e8f4ffa3923d58cdc0090b462a2e96a73f1096a1351b",
  "paged-orphans-widows": "ebffc69ab5a565452903da6a91e298cc1e851d98688661f726bbf5e9599aba88",
  "paged-page-break-after-always-single": "e8ef987c47a534e11ab1018d04c49ef12cccc9fe0baf3ff8665a3f0de8ccbd40",
  "paged-page-break-before-avoid-noop": "21b3b2549f05e4655f63cc53f1326c66ea98cac7d331fe31c1345ada049dbd58",
  "paged-page-break-inside-avoid-table": "7f7fca75d24d310f7dfbca69a7b2a494c0156972aca8244b313f5d91ebcd4aa9",
  "paged-page-counter-content": "9c16d090211e83c9620270e8d37246cc5907ed1e0625f01b13fd85643ba12134",
  "positioning-absolute-containing-block-relative-ancestor": "409741ef002ebc51768571fa5e51712b05d6d82c95944fd6d49e0efe198b5753",
  "positioning-absolute-x-flexbox": "1f3e4466f519638c337bb9c4a8c6725b21ba1ab7902259fdc5f8467bfd719de9",
  "positioning-clear-both": "fbfa1e02891c000a0e5734bd7bb91299ec6a946def268f694f20ade76eef54f5",
  "positioning-fixed-top-left": "28ee9818d3761ebe55c762c1f8633e4b1307ba5e632b0ad13e8e5d94af1b8471",
  "positioning-float-left": "55d8be14892f067ca76d2da514d3cbda7672da5f7948966809444f8e0e1f9c6d",
  "positioning-inset-negative-offset": "147754ad9bce5211f279975d5b39281c2d956a606bc14156dc4b8da8c648e42d",
  "positioning-overflow-hidden-absolute-child-clip": "704d2cb5144465dbab33ef191648e33f97f510c36bab8f7194bea95a14a11ff1",
  "positioning-overflow-hidden-clip": "d3ffe00fbabee4e8c02845557ad371116a29e7cd4b77ed0f8cfc92ee4f529f1d",
  "positioning-overflow-visible-no-clip": "2b9b08685cdfa7f8a6ffb196bdc5014fb0089b733b86883633626cd39eac1bb8",
  "positioning-position-absolute-bottom-right": "6777f7887e45797671414a4afe2c95717d0d61aff617d01dff21224297a921fe",
  "positioning-position-absolute-stretch-inset": "dccc22a7cb2542405996dc85c6410efc82f3e7b23ddc4cbc657010ab3a5fa56a",
  "positioning-position-absolute-top-left": "3890d90703839ab0ee8db02c31fa7295a001dbcfe08b263b49ba4906afec3e8b",
  "positioning-position-relative-offset": "e786349ac86fa7ce0cf2fb29096a9841c702488f350b0ce0dec6dab69d915434",
  "positioning-position-static": "f29cd3195af2d106ea46e11f1894d953ad0ffc6f9382f2fbcd1d2c58116486e4",
  "positioning-transform-establishes-containing-block": "238241ee43feb180a364f04d7d9097ccb276b5a0a3f352412e03109c314854cc",
  "positioning-z-index-source-order-overlap": "fc23980699c4a859c16bc8caf414658390fd928bba6e1c646cf596aab7d71c59",
  "positioning-z-index-stacking": "1fc00c36233c37b6897ff4280d4d17a9c0ba7b6c16ce8e34df3f9c330ac39416",
  "probe-block-flow": "409ba5fad3a363eef791a04f3a4d783ce1ce1649e0f662ad11be45da5fa2f26b",
  "probe-border-box": "ff8467070d7afae820f919adff1806ba93f2b89647656c703836294e0e3986fc",
  "probe-color-swatch": "fe760dc57c566c11b7e838167813f4821d0c29ec1fa5143e344e9307561e78c0",
  "probe-fill-box": "1d4d4b42b96dc8a8058949aa7b445c934bfad053fb9783c8d0fe5fe7d7516675",
  "tables-basic-grid": "20fd61138cbf53a1d1ae2a48601e60a30ad3077d24f6ffbd435bf5c140827acc",
  "tables-border-collapse": "fe9e54fd617df63d8f4527ff59dc683cf904e6b7bbdd9d3270212da5f56698c6",
  "tables-border-separate": "2c341656bed1b8ecc9c7f89504a49665e17befcbeb177bfcb842b33ddbd1026b",
  "tables-border-spacing-two-value": "a71029ec5e25a54143d5f146c0f7daf5b46d20b0205bd815a3ab44427902abf9",
  "tables-border-spacing-zero": "ebe23b3e7e3608b24cc025d45465c24381db5f803f469e2cd6711a8625ce8a7f",
  "tables-caption": "c4dd6ab8a9f8e6b0002f9a3b2b985844d0c7891586b53950c4c533eb54cad2fa",
  "tables-caption-side-bottom": "7642d6b45b94bee60948a098a9b502eb1342753ca09c0d350669d28cb13646de",
  "tables-cell-padding": "312831a9b014eb1e70cbb251f21808e30e5244845eb13bd849371f2906f6e207",
  "tables-cell-text-align": "3fea91133b40742b0cb6e82a1db10632660ef8362d6767a0d96bb2f542a034ea",
  "tables-cell-vertical-align": "9a8824275ed975d71552c7a80f881ef1c40cf232d993b1c927a2197a2a1efbab",
  "tables-colspan": "69289a93a82b95ea25f869f71caa5eb18941454ffebbfec2ae7db53d9f617162",
  "tables-colspan-rowspan": "6187a869c1693e5520139b2ecc9a6bfc8be5632aafd960112e43135114ba6275",
  "tables-empty-cells-hide": "1be9fd84c3a7aa2e20a1108f3e661f5fec120def234f8acc8718d1511cb4d4aa",
  "tables-empty-cells-whitespace": "edfe873c870b455a1a18ea8417ec0190b42c21c814d5ad7c3f7fc1647507c5a5",
  "tables-layout-auto": "87459310f1d4d4b321a8c03b90159dc8044c12e1136b29d7c7196da7525f4832",
  "tables-layout-auto-overflow": "c4349ac3727cc0ad319f2fb5b86ea0dc26fd89dfc25343be94b7daa9aba623bb",
  "tables-layout-fixed": "cc7abfd9dc2e8b0881c8eb908980264500cd76dc74e6ba216b4cde42b8ba512c",
  "tables-layout-fixed-remainder": "0e7d5ac29d9404634d6fd0d9f74128823867a6e8e730e9722599253b58bdac9f",
  "tables-rowspan": "ed7eba48e8bb3dde9586e3f3eefa7a212584b325b3516221e03b76a4fd7d0261",
  "tables-rowspan-stagger": "b2a2a0adb1eab298c4ad354ef553c8eef0a2b5e6a6d66805369a38f86e5422ec",
  "tables-th-default": "c52803a92009180dcea6fedb13381c44028c8e256d2ac6ac8ae7e693305ea6c7",
  "tables-th-header": "784addea77e8438d68230b05db079a45618e3aaa1d2a12af6b167c4d47171c64",
  "tables-thead-tbody-tfoot": "de1957eb1f5a0d2b53c04e9bc319c068455a5d3a831d2df6ff60ccdbca233159",
  "tables-vertical-align-baseline": "083e335982ddca27ae48ae80a729a7a4268a1a44a3a98d7a2b6a0a2993c239c9",
  "tables-vertical-align-baseline-sizes": "e6fcedd907a28d1653876bf13979370f70cfe76fbcac8e987f038e889eb175ab",
  "tables-width-percent-columns": "a23a74c87652d2e38147ef71fbf6f1c197f798851ec820fde48ea96a4ff03b9a",
  "tables-x-flexbox-nested": "7aca1f5520615958d8b4602e55f685d468d70ab7954831385b9a7f39ceb05d4d",
  "tables-x-typography-bold": "cfa53772cf779976b862ebfb50670b3d94f5f0e59841f9339e794b1971a7cec3",
  "transforms-rotate-x-flexbox-item": "cf037921b7023dc94a71e3cb88f902c7e3447560722539508c8546a55509e152",
  "units-calc-mixed-percent": "a418255b6e42434aeb8264a41aecc94f6607a45f17c02f1a93d33e68c28298af",
  "units-clamp": "da31815dccfffad06c86ca1f5b6bfae48ca1c5c4ef828b4280c2f7e4420f63c1",
  "units-length-cm": "88e8f675ed466accebdc7c47ecc8d0e0be751bc86461d37d2dd20e1c4232154f",
  "units-length-em": "fb7f35000e0b042021a01b4bfddd26de9c5dc60a16b0605048ff3a7d26791be3",
  "units-length-in": "e91e77b44ee7348e213addf464d41bc7eead5844ea039e29dc99fa02c3da6a81",
  "units-length-pt": "21e6cfed5ba59bddd8c72a4876e12f9c61d65a299ab6b0cfb174195ed7e5a391",
  "units-length-rem": "606e7f5a775b5e1fefde36e2b1e83f79b6f1e72165f9672a5bfa2a362761bc35",
  "units-min-max": "28277809db89815f3d1f4e3b3d4ff42efbd54d2a64e19658a72a2214ce810204",
  "units-percent-width-height": "464f4465e4274f2a68a12003b9d15454f7bcffc03cdaab407202259cfdbf580f",
  "units-var-custom-property": "5f0296186073fcc2eb69bc85325e7b3152cc301514216f3ac11410326aa0e9de",
  "units-var-fallback": "0903ae860eb4faf15a9dff2e5062d41edfc12d99fe13dc009caa26c193fe7685",
  "units-viewport-vw-vh": "082a567f843b7396bc05e9e49cd831fb632df227b18762a65f98af39c8b1c58b",
  "visibility-collapse-row": "2d4622562543bc0cd98053d8af9e56c772355ae37db924087ea901793a1cdffc",
  "visibility-hidden": "5be6a418543d562f0027e2e9f2b3af76408737b4288a2ab90a4063413d6ae4ee"
}
